// !$*UTF8*$!
{
	archiveVersion = 1;
	classes = {
	};
	objectVersion = 46;
	objects = {

/* Begin PBXBuildFile section */
		11E94508A2963B2E50541227 /* res in Resources */ = {isa = PBXBuildFile; fileRef = 847C4737BB87694BD4544EE6 /* res */; };
		1D60589F0D05DD5A006BFB54 /* Foundation.framework in Frameworks */ = {isa = PBXBuildFile; fileRef = 1D30AB110D05D00D00671497 /* Foundation.framework */; };
		1DF5F4E00D08C38300B7A737 /* UIKit.framework in Frameworks */ = {isa = PBXBuildFile; fileRef = 1DF5F4DF0D08C38300B7A737 /* UIKit.framework */; };
		288765A50DF7441C002DB57D /* CoreGraphics.framework in Frameworks */ = {isa = PBXBuildFile; fileRef = 288765A40DF7441C002DB57D /* CoreGraphics.framework */; };
		2D6248D5A39B8C29B915DE33 /* StoreKit.framework in Frameworks */ = {isa = PBXBuildFile; fileRef = 8936464DBF7B20B510191810 /* StoreKit.framework */; };
		46880B8819C43A87006E1F66 /* AppDelegate.cpp in Sources */ = {isa = PBXBuildFile; fileRef = 46880B8419C43A87006E1F66 /* AppDelegate.cpp */; };
		46880B8A19C43A87006E1F66 /* HelloWorldScene.cpp in Sources */ = {isa = PBXBuildFile; fileRef = 46880B8619C43A87006E1F66 /* HelloWorldScene.cpp */; };
		4AF24228B721699D68B0EB58 /* libcocos2d iOS.a in Frameworks */ = {isa = PBXBuildFile; fileRef = EC054D038170C9031CB136DE /* libcocos2d iOS.a */; };
		503AE10017EB989F00D1A890 /* AppController.mm in Sources */ = {isa = PBXBuildFile; fileRef = 503AE0FB17EB989F00D1A890 /* AppController.mm */; };
		503AE10117EB989F00D1A890 /* main.m in Sources */ = {isa = PBXBuildFile; fileRef = 503AE0FC17EB989F00D1A890 /* main.m */; };
		503AE10217EB989F00D1A890 /* RootViewController.mm in Sources */ = {isa = PBXBuildFile; fileRef = 503AE0FF17EB989F00D1A890 /* RootViewController.mm */; };
		5087E77D17EB970100C73F5D /* Default-568h@2x.png in Resources */ = {isa = PBXBuildFile; fileRef = 5087E77217EB970100C73F5D /* Default-568h@2x.png */; };
		5087E77E17EB970100C73F5D /* Default.png in Resources */ = {isa = PBXBuildFile; fileRef = 5087E77317EB970100C73F5D /* Default.png */; };
		5087E77F17EB970100C73F5D /* Default@2x.png in Resources */ = {isa = PBXBuildFile; fileRef = 5087E77417EB970100C73F5D /* Default@2x.png */; };
		5087E78017EB970100C73F5D /* Icon-114.png in Resources */ = {isa = PBXBuildFile; fileRef = 5087E77517EB970100C73F5D /* Icon-114.png */; };
		5087E78117EB970100C73F5D /* Icon-120.png in Resources */ = {isa = PBXBuildFile; fileRef = 5087E77617EB970100C73F5D /* Icon-120.png */; };
		5087E78217EB970100C73F5D /* Icon-144.png in Resources */ = {isa = PBXBuildFile; fileRef = 5087E77717EB970100C73F5D /* Icon-144.png */; };
		5087E78317EB970100C73F5D /* Icon-152.png in Resources */ = {isa = PBXBuildFile; fileRef = 5087E77817EB970100C73F5D /* Icon-152.png */; };
		5087E78417EB970100C73F5D /* Icon-57.png in Resources */ = {isa = PBXBuildFile; fileRef = 5087E77917EB970100C73F5D /* Icon-57.png */; };
		5087E78517EB970100C73F5D /* Icon-72.png in Resources */ = {isa = PBXBuildFile; fileRef = 5087E77A17EB970100C73F5D /* Icon-72.png */; };
		5087E78617EB970100C73F5D /* Icon-76.png in Resources */ = {isa = PBXBuildFile; fileRef = 5087E77B17EB970100C73F5D /* Icon-76.png */; };
		50EF629617ECD46A001EB2F8 /* Icon-40.png in Resources */ = {isa = PBXBuildFile; fileRef = 50EF629217ECD46A001EB2F8 /* Icon-40.png */; };
		50EF629717ECD46A001EB2F8 /* Icon-58.png in Resources */ = {isa = PBXBuildFile; fileRef = 50EF629317ECD46A001EB2F8 /* Icon-58.png */; };
		50EF629817ECD46A001EB2F8 /* Icon-80.png in Resources */ = {isa = PBXBuildFile; fileRef = 50EF629417ECD46A001EB2F8 /* Icon-80.png */; };
		50EF629917ECD46A001EB2F8 /* Icon-100.png in Resources */ = {isa = PBXBuildFile; fileRef = 50EF629517ECD46A001EB2F8 /* Icon-100.png */; };
		50EF62A217ECD613001EB2F8 /* Icon-29.png in Resources */ = {isa = PBXBuildFile; fileRef = 50EF62A017ECD613001EB2F8 /* Icon-29.png */; };
		50EF62A317ECD613001EB2F8 /* Icon-50.png in Resources */ = {isa = PBXBuildFile; fileRef = 50EF62A117ECD613001EB2F8 /* Icon-50.png */; };
		521A8E6419F0C34300D177D7 /* Default-667h@2x.png in Resources */ = {isa = PBXBuildFile; fileRef = 521A8E6219F0C34300D177D7 /* Default-667h@2x.png */; };
		521A8E6519F0C34300D177D7 /* Default-736h@3x.png in Resources */ = {isa = PBXBuildFile; fileRef = 521A8E6319F0C34300D177D7 /* Default-736h@3x.png */; };
		52B47A471A53D09C004E4C60 /* Security.framework in Frameworks */ = {isa = PBXBuildFile; fileRef = 52B47A461A53D09B004E4C60 /* Security.framework */; };
		5452490188FA986921E0F588 /* CFNetwork.framework in Frameworks */ = {isa = PBXBuildFile; fileRef = A05D49E1AEB20A3D3A9BBFA6 /* CFNetwork.framework */; };
		5F344509B151B00EF9306DB6 /* CoreTelephony.framework in Frameworks */ = {isa = PBXBuildFile; fileRef = 82EF4AD7A628B47FD95C8A10 /* CoreTelephony.framework */; };
		875D492D8BBFD9E1025FE0D3 /* sdkbox_config.json in Resources */ = {isa = PBXBuildFile; fileRef = CC474AC2AF67C8FA2DED2890 /* sdkbox_config.json */; };
		9F1B2AAA1DAF658C001F16A5 /* Fyber_AdColony_2.6.2-r1.framework in Frameworks */ = {isa = PBXBuildFile; fileRef = 9F1B2AA91DAF658C001F16A5 /* Fyber_AdColony_2.6.2-r1.framework */; };
		9F1B2AB41DAF6832001F16A5 /* Fyber_Vungle_4.0.6-r1.framework in Frameworks */ = {isa = PBXBuildFile; fileRef = 9F1B2AAC1DAF6832001F16A5 /* Fyber_Vungle_4.0.6-r1.framework */; };
		9F1B2AB51DAF6832001F16A5 /* __vungle.db in Resources */ = {isa = PBXBuildFile; fileRef = 9F1B2AAE1DAF6832001F16A5 /* __vungle.db */; };
		9F1B2AB61DAF6832001F16A5 /* vg_close.png in Resources */ = {isa = PBXBuildFile; fileRef = 9F1B2AAF1DAF6832001F16A5 /* vg_close.png */; };
		9F1B2AB71DAF6832001F16A5 /* vg_cta.png in Resources */ = {isa = PBXBuildFile; fileRef = 9F1B2AB01DAF6832001F16A5 /* vg_cta.png */; };
		9F1B2AB81DAF6832001F16A5 /* vg_mute_off.png in Resources */ = {isa = PBXBuildFile; fileRef = 9F1B2AB11DAF6832001F16A5 /* vg_mute_off.png */; };
		9F1B2AB91DAF6832001F16A5 /* vg_mute_on.png in Resources */ = {isa = PBXBuildFile; fileRef = 9F1B2AB21DAF6832001F16A5 /* vg_mute_on.png */; };
		9F1B2ABA1DAF6832001F16A5 /* vg_privacy.png in Resources */ = {isa = PBXBuildFile; fileRef = 9F1B2AB31DAF6832001F16A5 /* vg_privacy.png */; };
		9F1B2ABE1DAF6913001F16A5 /* Fyber_Chartboost_6.5.2-r1.framework in Frameworks */ = {isa = PBXBuildFile; fileRef = 9F1B2ABC1DAF6913001F16A5 /* Fyber_Chartboost_6.5.2-r1.framework */; };
		9F71927B1CD0A77200A72006 /* WebKit.framework in Frameworks */ = {isa = PBXBuildFile; fileRef = 9F71927A1CD0A77200A72006 /* WebKit.framework */; };
		9F71927D1CD0A77700A72006 /* EventKit.framework in Frameworks */ = {isa = PBXBuildFile; fileRef = 9F71927C1CD0A77700A72006 /* EventKit.framework */; };
		9F71927F1CD0A77C00A72006 /* MessageUI.framework in Frameworks */ = {isa = PBXBuildFile; fileRef = 9F71927E1CD0A77C00A72006 /* MessageUI.framework */; };
		9F7192811CD0A78100A72006 /* Social.framework in Frameworks */ = {isa = PBXBuildFile; fileRef = 9F7192801CD0A78100A72006 /* Social.framework */; };
		9F7192831CD0A79000A72006 /* GameController.framework in Frameworks */ = {isa = PBXBuildFile; fileRef = 9F7192821CD0A79000A72006 /* GameController.framework */; };
		9F90420392FDA0F93BAF5DF5 /* sdkbox.framework in Frameworks */ = {isa = PBXBuildFile; fileRef = 7D7E4D369FF742003027FB22 /* sdkbox.framework */; };
		BF171245129291EC00B8313A /* OpenGLES.framework in Frameworks */ = {isa = PBXBuildFile; fileRef = BF170DB012928DE900B8313A /* OpenGLES.framework */; };
		BF1712471292920000B8313A /* libz.dylib in Frameworks */ = {isa = PBXBuildFile; fileRef = BF170DB412928DE900B8313A /* libz.dylib */; };
		BF1C47F01293687400B63C5D /* QuartzCore.framework in Frameworks */ = {isa = PBXBuildFile; fileRef = BF1C47EA1293683800B63C5D /* QuartzCore.framework */; };
		C6034024AC99E80487566584 /* CoreLocation.framework in Frameworks */ = {isa = PBXBuildFile; fileRef = B4A54127992A3FE8E7592D1F /* CoreLocation.framework */; };
		D44C620C132DFF330009C878 /* OpenAL.framework in Frameworks */ = {isa = PBXBuildFile; fileRef = D44C620B132DFF330009C878 /* OpenAL.framework */; };
		D44C620E132DFF430009C878 /* AVFoundation.framework in Frameworks */ = {isa = PBXBuildFile; fileRef = D44C620D132DFF430009C878 /* AVFoundation.framework */; };
		D44C6210132DFF4E0009C878 /* AudioToolbox.framework in Frameworks */ = {isa = PBXBuildFile; fileRef = D44C620F132DFF4E0009C878 /* AudioToolbox.framework */; };
		D6B0611B1803AB670077942B /* CoreMotion.framework in Frameworks */ = {isa = PBXBuildFile; fileRef = D6B0611A1803AB670077942B /* CoreMotion.framework */; };
		DAAD456BAABB0CEBEDECAC42 /* MediaPlayer.framework in Frameworks */ = {isa = PBXBuildFile; fileRef = DB8F419FAE4767817A57D813 /* MediaPlayer.framework */; };
		DCF54A3E98CDDADBF5E8DDAC /* SystemConfiguration.framework in Frameworks */ = {isa = PBXBuildFile; fileRef = 6CBA404BB37E19881719210B /* SystemConfiguration.framework */; };
		EBC94A2BAE0D1364A1739313 /* AdSupport.framework in Frameworks */ = {isa = PBXBuildFile; fileRef = 01E143E8A0737240DE07C82A /* AdSupport.framework */; };
		ED545A7C1B68A1F400C3958E /* libiconv.dylib in Frameworks */ = {isa = PBXBuildFile; fileRef = ED545A7B1B68A1F400C3958E /* libiconv.dylib */; };
		F6E0463CB2B628595B8B128E /* PluginFyber.framework in Frameworks */ = {isa = PBXBuildFile; fileRef = 87E64D5B9D2D23C3F43244B5 /* PluginFyber.framework */; };
/* End PBXBuildFile section */

/* Begin PBXFileReference section */
		01E143E8A0737240DE07C82A /* AdSupport.framework */ = {isa = PBXFileReference; lastKnownFileType = wrapper.framework; name = AdSupport.framework; path = Platforms/iPhoneOS.platform/Developer/SDKs/iPhoneOS.sdk/System/Library/Frameworks/AdSupport.framework; sourceTree = DEVELOPER_DIR; };
		1ACB3243164770DE00914215 /* libcurl.a */ = {isa = PBXFileReference; lastKnownFileType = archive.ar; name = libcurl.a; path = ../../cocos2dx/platform/third_party/ios/libraries/libcurl.a; sourceTree = "<group>"; };
		1D30AB110D05D00D00671497 /* Foundation.framework */ = {isa = PBXFileReference; lastKnownFileType = wrapper.framework; name = Foundation.framework; path = System/Library/Frameworks/Foundation.framework; sourceTree = SDKROOT; };
		1D6058910D05DD3D006BFB54 /* fyber_cpp-mobile.app */ = {isa = PBXFileReference; explicitFileType = wrapper.application; includeInIndex = 0; path = "fyber_cpp-mobile.app"; sourceTree = BUILT_PRODUCTS_DIR; };
		1DF5F4DF0D08C38300B7A737 /* UIKit.framework */ = {isa = PBXFileReference; lastKnownFileType = wrapper.framework; name = UIKit.framework; path = System/Library/Frameworks/UIKit.framework; sourceTree = SDKROOT; };
		288765A40DF7441C002DB57D /* CoreGraphics.framework */ = {isa = PBXFileReference; lastKnownFileType = wrapper.framework; name = CoreGraphics.framework; path = System/Library/Frameworks/CoreGraphics.framework; sourceTree = SDKROOT; };
		46880B8419C43A87006E1F66 /* AppDelegate.cpp */ = {isa = PBXFileReference; fileEncoding = 4; lastKnownFileType = sourcecode.cpp.cpp; path = AppDelegate.cpp; sourceTree = "<group>"; };
		46880B8519C43A87006E1F66 /* AppDelegate.h */ = {isa = PBXFileReference; fileEncoding = 4; lastKnownFileType = sourcecode.c.h; path = AppDelegate.h; sourceTree = "<group>"; };
		46880B8619C43A87006E1F66 /* HelloWorldScene.cpp */ = {isa = PBXFileReference; fileEncoding = 4; lastKnownFileType = sourcecode.cpp.cpp; path = HelloWorldScene.cpp; sourceTree = "<group>"; };
		46880B8719C43A87006E1F66 /* HelloWorldScene.h */ = {isa = PBXFileReference; fileEncoding = 4; lastKnownFileType = sourcecode.c.h; path = HelloWorldScene.h; sourceTree = "<group>"; };
		503AE0FA17EB989F00D1A890 /* AppController.h */ = {isa = PBXFileReference; fileEncoding = 4; lastKnownFileType = sourcecode.c.h; name = AppController.h; path = ios/AppController.h; sourceTree = SOURCE_ROOT; };
		503AE0FB17EB989F00D1A890 /* AppController.mm */ = {isa = PBXFileReference; fileEncoding = 4; lastKnownFileType = sourcecode.cpp.objcpp; name = AppController.mm; path = ios/AppController.mm; sourceTree = SOURCE_ROOT; };
		503AE0FC17EB989F00D1A890 /* main.m */ = {isa = PBXFileReference; fileEncoding = 4; lastKnownFileType = sourcecode.c.objc; name = main.m; path = ios/main.m; sourceTree = SOURCE_ROOT; };
		503AE0FD17EB989F00D1A890 /* Prefix.pch */ = {isa = PBXFileReference; fileEncoding = 4; lastKnownFileType = sourcecode.c.h; name = Prefix.pch; path = ios/Prefix.pch; sourceTree = SOURCE_ROOT; };
		503AE0FE17EB989F00D1A890 /* RootViewController.h */ = {isa = PBXFileReference; fileEncoding = 4; lastKnownFileType = sourcecode.c.h; name = RootViewController.h; path = ios/RootViewController.h; sourceTree = SOURCE_ROOT; };
		503AE0FF17EB989F00D1A890 /* RootViewController.mm */ = {isa = PBXFileReference; fileEncoding = 4; lastKnownFileType = sourcecode.cpp.objcpp; name = RootViewController.mm; path = ios/RootViewController.mm; sourceTree = SOURCE_ROOT; };
		503AE11117EB99EE00D1A890 /* libcurl.dylib */ = {isa = PBXFileReference; lastKnownFileType = "compiled.mach-o.dylib"; name = libcurl.dylib; path = usr/lib/libcurl.dylib; sourceTree = SDKROOT; };
		503AE11A17EB9C5A00D1A890 /* IOKit.framework */ = {isa = PBXFileReference; lastKnownFileType = wrapper.framework; name = IOKit.framework; path = System/Library/Frameworks/IOKit.framework; sourceTree = SDKROOT; };
		5087E77217EB970100C73F5D /* Default-568h@2x.png */ = {isa = PBXFileReference; lastKnownFileType = image.png; path = "Default-568h@2x.png"; sourceTree = "<group>"; };
		5087E77317EB970100C73F5D /* Default.png */ = {isa = PBXFileReference; lastKnownFileType = image.png; path = Default.png; sourceTree = "<group>"; };
		5087E77417EB970100C73F5D /* Default@2x.png */ = {isa = PBXFileReference; lastKnownFileType = image.png; path = "Default@2x.png"; sourceTree = "<group>"; };
		5087E77517EB970100C73F5D /* Icon-114.png */ = {isa = PBXFileReference; lastKnownFileType = image.png; path = "Icon-114.png"; sourceTree = "<group>"; };
		5087E77617EB970100C73F5D /* Icon-120.png */ = {isa = PBXFileReference; lastKnownFileType = image.png; path = "Icon-120.png"; sourceTree = "<group>"; };
		5087E77717EB970100C73F5D /* Icon-144.png */ = {isa = PBXFileReference; lastKnownFileType = image.png; path = "Icon-144.png"; sourceTree = "<group>"; };
		5087E77817EB970100C73F5D /* Icon-152.png */ = {isa = PBXFileReference; lastKnownFileType = image.png; path = "Icon-152.png"; sourceTree = "<group>"; };
		5087E77917EB970100C73F5D /* Icon-57.png */ = {isa = PBXFileReference; lastKnownFileType = image.png; path = "Icon-57.png"; sourceTree = "<group>"; };
		5087E77A17EB970100C73F5D /* Icon-72.png */ = {isa = PBXFileReference; lastKnownFileType = image.png; path = "Icon-72.png"; sourceTree = "<group>"; };
		5087E77B17EB970100C73F5D /* Icon-76.png */ = {isa = PBXFileReference; lastKnownFileType = image.png; path = "Icon-76.png"; sourceTree = "<group>"; };
		5087E77C17EB970100C73F5D /* Info.plist */ = {isa = PBXFileReference; fileEncoding = 4; lastKnownFileType = text.plist.xml; path = Info.plist; sourceTree = "<group>"; };
		5087E78817EB974C00C73F5D /* AppKit.framework */ = {isa = PBXFileReference; lastKnownFileType = wrapper.framework; name = AppKit.framework; path = System/Library/Frameworks/AppKit.framework; sourceTree = SDKROOT; };
		5087E78A17EB975400C73F5D /* OpenGL.framework */ = {isa = PBXFileReference; lastKnownFileType = wrapper.framework; name = OpenGL.framework; path = System/Library/Frameworks/OpenGL.framework; sourceTree = SDKROOT; };
		50EF629217ECD46A001EB2F8 /* Icon-40.png */ = {isa = PBXFileReference; lastKnownFileType = image.png; path = "Icon-40.png"; sourceTree = "<group>"; };
		50EF629317ECD46A001EB2F8 /* Icon-58.png */ = {isa = PBXFileReference; lastKnownFileType = image.png; path = "Icon-58.png"; sourceTree = "<group>"; };
		50EF629417ECD46A001EB2F8 /* Icon-80.png */ = {isa = PBXFileReference; lastKnownFileType = image.png; path = "Icon-80.png"; sourceTree = "<group>"; };
		50EF629517ECD46A001EB2F8 /* Icon-100.png */ = {isa = PBXFileReference; lastKnownFileType = image.png; path = "Icon-100.png"; sourceTree = "<group>"; };
		50EF62A017ECD613001EB2F8 /* Icon-29.png */ = {isa = PBXFileReference; lastKnownFileType = image.png; path = "Icon-29.png"; sourceTree = "<group>"; };
		50EF62A117ECD613001EB2F8 /* Icon-50.png */ = {isa = PBXFileReference; lastKnownFileType = image.png; path = "Icon-50.png"; sourceTree = "<group>"; };
		521A8E6219F0C34300D177D7 /* Default-667h@2x.png */ = {isa = PBXFileReference; lastKnownFileType = image.png; path = "Default-667h@2x.png"; sourceTree = "<group>"; };
		521A8E6319F0C34300D177D7 /* Default-736h@3x.png */ = {isa = PBXFileReference; lastKnownFileType = image.png; path = "Default-736h@3x.png"; sourceTree = "<group>"; };
		52B47A461A53D09B004E4C60 /* Security.framework */ = {isa = PBXFileReference; lastKnownFileType = wrapper.framework; name = Security.framework; path = Platforms/iPhoneOS.platform/Developer/SDKs/iPhoneOS8.1.sdk/System/Library/Frameworks/Security.framework; sourceTree = DEVELOPER_DIR; };
		6CBA404BB37E19881719210B /* SystemConfiguration.framework */ = {isa = PBXFileReference; lastKnownFileType = wrapper.framework; name = SystemConfiguration.framework; path = Platforms/iPhoneOS.platform/Developer/SDKs/iPhoneOS.sdk/System/Library/Frameworks/SystemConfiguration.framework; sourceTree = DEVELOPER_DIR; };
		7D7E4D369FF742003027FB22 /* sdkbox.framework */ = {isa = PBXFileReference; lastKnownFileType = wrapper.framework; path = sdkbox.framework; sourceTree = SOURCE_ROOT; };
		8262943D1AAF051F00CB7CF7 /* Security.framework */ = {isa = PBXFileReference; lastKnownFileType = wrapper.framework; name = Security.framework; path = System/Library/Frameworks/Security.framework; sourceTree = SDKROOT; };
		82EF4AD7A628B47FD95C8A10 /* CoreTelephony.framework */ = {isa = PBXFileReference; lastKnownFileType = wrapper.framework; name = CoreTelephony.framework; path = Platforms/iPhoneOS.platform/Developer/SDKs/iPhoneOS.sdk/System/Library/Frameworks/CoreTelephony.framework; sourceTree = DEVELOPER_DIR; };
		847C4737BB87694BD4544EE6 /* res */ = {isa = PBXFileReference; lastKnownFileType = "?"; name = res; path = ../Resources/res; sourceTree = "<group>"; };
		87E64D5B9D2D23C3F43244B5 /* PluginFyber.framework */ = {isa = PBXFileReference; lastKnownFileType = wrapper.framework; path = PluginFyber.framework; sourceTree = SOURCE_ROOT; };
		8936464DBF7B20B510191810 /* StoreKit.framework */ = {isa = PBXFileReference; lastKnownFileType = wrapper.framework; name = StoreKit.framework; path = Platforms/iPhoneOS.platform/Developer/SDKs/iPhoneOS.sdk/System/Library/Frameworks/StoreKit.framework; sourceTree = DEVELOPER_DIR; };
		9F1B2AA91DAF658C001F16A5 /* Fyber_AdColony_2.6.2-r1.framework */ = {isa = PBXFileReference; lastKnownFileType = wrapper.framework; path = "Fyber_AdColony_2.6.2-r1.framework"; sourceTree = "<group>"; };
		9F1B2AAC1DAF6832001F16A5 /* Fyber_Vungle_4.0.6-r1.framework */ = {isa = PBXFileReference; lastKnownFileType = wrapper.framework; path = "Fyber_Vungle_4.0.6-r1.framework"; sourceTree = "<group>"; };
		9F1B2AAE1DAF6832001F16A5 /* __vungle.db */ = {isa = PBXFileReference; lastKnownFileType = file; path = __vungle.db; sourceTree = "<group>"; };
		9F1B2AAF1DAF6832001F16A5 /* vg_close.png */ = {isa = PBXFileReference; lastKnownFileType = image.png; path = vg_close.png; sourceTree = "<group>"; };
		9F1B2AB01DAF6832001F16A5 /* vg_cta.png */ = {isa = PBXFileReference; lastKnownFileType = image.png; path = vg_cta.png; sourceTree = "<group>"; };
		9F1B2AB11DAF6832001F16A5 /* vg_mute_off.png */ = {isa = PBXFileReference; lastKnownFileType = image.png; path = vg_mute_off.png; sourceTree = "<group>"; };
		9F1B2AB21DAF6832001F16A5 /* vg_mute_on.png */ = {isa = PBXFileReference; lastKnownFileType = image.png; path = vg_mute_on.png; sourceTree = "<group>"; };
		9F1B2AB31DAF6832001F16A5 /* vg_privacy.png */ = {isa = PBXFileReference; lastKnownFileType = image.png; path = vg_privacy.png; sourceTree = "<group>"; };
		9F1B2ABC1DAF6913001F16A5 /* Fyber_Chartboost_6.5.2-r1.framework */ = {isa = PBXFileReference; lastKnownFileType = wrapper.framework; path = "Fyber_Chartboost_6.5.2-r1.framework"; sourceTree = "<group>"; };
		9F71927A1CD0A77200A72006 /* WebKit.framework */ = {isa = PBXFileReference; lastKnownFileType = wrapper.framework; name = WebKit.framework; path = Platforms/iPhoneOS.platform/Developer/SDKs/iPhoneOS9.3.sdk/System/Library/Frameworks/WebKit.framework; sourceTree = DEVELOPER_DIR; };
		9F71927C1CD0A77700A72006 /* EventKit.framework */ = {isa = PBXFileReference; lastKnownFileType = wrapper.framework; name = EventKit.framework; path = Platforms/iPhoneOS.platform/Developer/SDKs/iPhoneOS9.3.sdk/System/Library/Frameworks/EventKit.framework; sourceTree = DEVELOPER_DIR; };
		9F71927E1CD0A77C00A72006 /* MessageUI.framework */ = {isa = PBXFileReference; lastKnownFileType = wrapper.framework; name = MessageUI.framework; path = Platforms/iPhoneOS.platform/Developer/SDKs/iPhoneOS9.3.sdk/System/Library/Frameworks/MessageUI.framework; sourceTree = DEVELOPER_DIR; };
		9F7192801CD0A78100A72006 /* Social.framework */ = {isa = PBXFileReference; lastKnownFileType = wrapper.framework; name = Social.framework; path = Platforms/iPhoneOS.platform/Developer/SDKs/iPhoneOS9.3.sdk/System/Library/Frameworks/Social.framework; sourceTree = DEVELOPER_DIR; };
		9F7192821CD0A79000A72006 /* GameController.framework */ = {isa = PBXFileReference; lastKnownFileType = wrapper.framework; name = GameController.framework; path = Platforms/iPhoneOS.platform/Developer/SDKs/iPhoneOS9.3.sdk/System/Library/Frameworks/GameController.framework; sourceTree = DEVELOPER_DIR; };
		A05D49E1AEB20A3D3A9BBFA6 /* CFNetwork.framework */ = {isa = PBXFileReference; lastKnownFileType = wrapper.framework; name = CFNetwork.framework; path = Platforms/iPhoneOS.platform/Developer/SDKs/iPhoneOS.sdk/System/Library/Frameworks/CFNetwork.framework; sourceTree = DEVELOPER_DIR; };
		B4A54127992A3FE8E7592D1F /* CoreLocation.framework */ = {isa = PBXFileReference; lastKnownFileType = wrapper.framework; name = CoreLocation.framework; path = Platforms/iPhoneOS.platform/Developer/SDKs/iPhoneOS.sdk/System/Library/Frameworks/CoreLocation.framework; sourceTree = DEVELOPER_DIR; };
		BF170DB012928DE900B8313A /* OpenGLES.framework */ = {isa = PBXFileReference; lastKnownFileType = wrapper.framework; name = OpenGLES.framework; path = System/Library/Frameworks/OpenGLES.framework; sourceTree = SDKROOT; };
		BF170DB412928DE900B8313A /* libz.dylib */ = {isa = PBXFileReference; lastKnownFileType = "compiled.mach-o.dylib"; name = libz.dylib; path = usr/lib/libz.dylib; sourceTree = SDKROOT; };
		BF1C47EA1293683800B63C5D /* QuartzCore.framework */ = {isa = PBXFileReference; lastKnownFileType = wrapper.framework; name = QuartzCore.framework; path = System/Library/Frameworks/QuartzCore.framework; sourceTree = SDKROOT; };
		CC474AC2AF67C8FA2DED2890 /* sdkbox_config.json */ = {isa = PBXFileReference; lastKnownFileType = text.json; name = sdkbox_config.json; path = ../Resources/sdkbox_config.json; sourceTree = SOURCE_ROOT; };
		D44C620B132DFF330009C878 /* OpenAL.framework */ = {isa = PBXFileReference; lastKnownFileType = wrapper.framework; name = OpenAL.framework; path = System/Library/Frameworks/OpenAL.framework; sourceTree = SDKROOT; };
		D44C620D132DFF430009C878 /* AVFoundation.framework */ = {isa = PBXFileReference; lastKnownFileType = wrapper.framework; name = AVFoundation.framework; path = System/Library/Frameworks/AVFoundation.framework; sourceTree = SDKROOT; };
		D44C620F132DFF4E0009C878 /* AudioToolbox.framework */ = {isa = PBXFileReference; lastKnownFileType = wrapper.framework; name = AudioToolbox.framework; path = System/Library/Frameworks/AudioToolbox.framework; sourceTree = SDKROOT; };
		D6B0611A1803AB670077942B /* CoreMotion.framework */ = {isa = PBXFileReference; lastKnownFileType = wrapper.framework; name = CoreMotion.framework; path = Platforms/iPhoneOS.platform/Developer/SDKs/iPhoneOS7.0.sdk/System/Library/Frameworks/CoreMotion.framework; sourceTree = DEVELOPER_DIR; };
		DB8F419FAE4767817A57D813 /* MediaPlayer.framework */ = {isa = PBXFileReference; lastKnownFileType = wrapper.framework; name = MediaPlayer.framework; path = Platforms/iPhoneOS.platform/Developer/SDKs/iPhoneOS.sdk/System/Library/Frameworks/MediaPlayer.framework; sourceTree = DEVELOPER_DIR; };
		EC054D038170C9031CB136DE /* libcocos2d iOS.a */ = {isa = PBXFileReference; lastKnownFileType = archive.ar; name = "libcocos2d iOS.a"; path = "$(SRCROOT)/../../../sdkbox-cocos2d-x-binary/prebuilt/ios/libcocos2d iOS.a"; sourceTree = "<absolute>"; };
		ED545A7B1B68A1F400C3958E /* libiconv.dylib */ = {isa = PBXFileReference; lastKnownFileType = "compiled.mach-o.dylib"; name = libiconv.dylib; path = Platforms/iPhoneOS.platform/Developer/SDKs/iPhoneOS8.4.sdk/usr/lib/libiconv.dylib; sourceTree = DEVELOPER_DIR; };
		ED545A7D1B68A1FA00C3958E /* libiconv.dylib */ = {isa = PBXFileReference; lastKnownFileType = "compiled.mach-o.dylib"; name = libiconv.dylib; path = usr/lib/libiconv.dylib; sourceTree = SDKROOT; };
/* End PBXFileReference section */

/* Begin PBXFrameworksBuildPhase section */
		1D60588F0D05DD3D006BFB54 /* Frameworks */ = {
			isa = PBXFrameworksBuildPhase;
			buildActionMask = 2147483647;
			files = (
				9F7192831CD0A79000A72006 /* GameController.framework in Frameworks */,
				9F7192811CD0A78100A72006 /* Social.framework in Frameworks */,
				9F71927F1CD0A77C00A72006 /* MessageUI.framework in Frameworks */,
				9F71927D1CD0A77700A72006 /* EventKit.framework in Frameworks */,
				9F71927B1CD0A77200A72006 /* WebKit.framework in Frameworks */,
				ED545A7C1B68A1F400C3958E /* libiconv.dylib in Frameworks */,
				52B47A471A53D09C004E4C60 /* Security.framework in Frameworks */,
				D6B0611B1803AB670077942B /* CoreMotion.framework in Frameworks */,
				1D60589F0D05DD5A006BFB54 /* Foundation.framework in Frameworks */,
				1DF5F4E00D08C38300B7A737 /* UIKit.framework in Frameworks */,
				288765A50DF7441C002DB57D /* CoreGraphics.framework in Frameworks */,
				BF171245129291EC00B8313A /* OpenGLES.framework in Frameworks */,
				BF1712471292920000B8313A /* libz.dylib in Frameworks */,
				BF1C47F01293687400B63C5D /* QuartzCore.framework in Frameworks */,
				D44C620C132DFF330009C878 /* OpenAL.framework in Frameworks */,
				9F1B2AB41DAF6832001F16A5 /* Fyber_Vungle_4.0.6-r1.framework in Frameworks */,
				D44C620E132DFF430009C878 /* AVFoundation.framework in Frameworks */,
				D44C6210132DFF4E0009C878 /* AudioToolbox.framework in Frameworks */,
				4AF24228B721699D68B0EB58 /* libcocos2d iOS.a in Frameworks */,
				9F90420392FDA0F93BAF5DF5 /* sdkbox.framework in Frameworks */,
				F6E0463CB2B628595B8B128E /* PluginFyber.framework in Frameworks */,
				EBC94A2BAE0D1364A1739313 /* AdSupport.framework in Frameworks */,
				C6034024AC99E80487566584 /* CoreLocation.framework in Frameworks */,
				5F344509B151B00EF9306DB6 /* CoreTelephony.framework in Frameworks */,
				DAAD456BAABB0CEBEDECAC42 /* MediaPlayer.framework in Frameworks */,
				9F1B2AAA1DAF658C001F16A5 /* Fyber_AdColony_2.6.2-r1.framework in Frameworks */,
				2D6248D5A39B8C29B915DE33 /* StoreKit.framework in Frameworks */,
				9F1B2ABE1DAF6913001F16A5 /* Fyber_Chartboost_6.5.2-r1.framework in Frameworks */,
				DCF54A3E98CDDADBF5E8DDAC /* SystemConfiguration.framework in Frameworks */,
				5452490188FA986921E0F588 /* CFNetwork.framework in Frameworks */,
			);
			runOnlyForDeploymentPostprocessing = 0;
		};
/* End PBXFrameworksBuildPhase section */

/* Begin PBXGroup section */
		080E96DDFE201D6D7F000001 /* ios */ = {
			isa = PBXGroup;
			children = (
				5087E77117EB970100C73F5D /* Icons */,
				503AE0FA17EB989F00D1A890 /* AppController.h */,
				503AE0FB17EB989F00D1A890 /* AppController.mm */,
				503AE0FC17EB989F00D1A890 /* main.m */,
				503AE0FD17EB989F00D1A890 /* Prefix.pch */,
				503AE0FE17EB989F00D1A890 /* RootViewController.h */,
				503AE0FF17EB989F00D1A890 /* RootViewController.mm */,
			);
			name = ios;
			path = Classes;
			sourceTree = "<group>";
		};
		19C28FACFE9D520D11CA2CBB /* Products */ = {
			isa = PBXGroup;
			children = (
				1D6058910D05DD3D006BFB54 /* fyber_cpp-mobile.app */,
			);
			name = Products;
			sourceTree = "<group>";
		};
		29B97314FDCFA39411CA2CEA /* CustomTemplate */ = {
			isa = PBXGroup;
			children = (
				46880B8319C43A87006E1F66 /* Classes */,
				46880B7519C43A67006E1F66 /* Resources */,
				29B97323FDCFA39411CA2CEA /* Frameworks */,
				080E96DDFE201D6D7F000001 /* ios */,
				19C28FACFE9D520D11CA2CBB /* Products */,
				E80348B69CC7DAF3B1F3310F /* ios-libs */,
			);
			name = CustomTemplate;
			sourceTree = "<group>";
		};
		29B97323FDCFA39411CA2CEA /* Frameworks */ = {
			isa = PBXGroup;
			children = (
				9F1B2ABB1DAF6913001F16A5 /* Fyber_Chartboost_6.5.2-r1.embeddedframework */,
				9F1B2AAB1DAF6832001F16A5 /* Fyber_Vungle_4.0.6-r1.embeddedframework */,
				9F1B2AA81DAF658C001F16A5 /* Fyber_AdColony_2.6.2-r1.embeddedframework */,
				9F7192821CD0A79000A72006 /* GameController.framework */,
				9F7192801CD0A78100A72006 /* Social.framework */,
				9F71927E1CD0A77C00A72006 /* MessageUI.framework */,
				9F71927C1CD0A77700A72006 /* EventKit.framework */,
				9F71927A1CD0A77200A72006 /* WebKit.framework */,
				ED545A7D1B68A1FA00C3958E /* libiconv.dylib */,
				ED545A7B1B68A1F400C3958E /* libiconv.dylib */,
				8262943D1AAF051F00CB7CF7 /* Security.framework */,
				52B47A461A53D09B004E4C60 /* Security.framework */,
				D6B0611A1803AB670077942B /* CoreMotion.framework */,
				503AE11A17EB9C5A00D1A890 /* IOKit.framework */,
				503AE11117EB99EE00D1A890 /* libcurl.dylib */,
				5087E78A17EB975400C73F5D /* OpenGL.framework */,
				5087E78817EB974C00C73F5D /* AppKit.framework */,
				1ACB3243164770DE00914215 /* libcurl.a */,
				BF170DB412928DE900B8313A /* libz.dylib */,
				D44C620F132DFF4E0009C878 /* AudioToolbox.framework */,
				D44C620D132DFF430009C878 /* AVFoundation.framework */,
				288765A40DF7441C002DB57D /* CoreGraphics.framework */,
				1D30AB110D05D00D00671497 /* Foundation.framework */,
				D44C620B132DFF330009C878 /* OpenAL.framework */,
				BF170DB012928DE900B8313A /* OpenGLES.framework */,
				BF1C47EA1293683800B63C5D /* QuartzCore.framework */,
				1DF5F4DF0D08C38300B7A737 /* UIKit.framework */,
				7D7E4D369FF742003027FB22 /* sdkbox.framework */,
				87E64D5B9D2D23C3F43244B5 /* PluginFyber.framework */,
				01E143E8A0737240DE07C82A /* AdSupport.framework */,
				B4A54127992A3FE8E7592D1F /* CoreLocation.framework */,
				82EF4AD7A628B47FD95C8A10 /* CoreTelephony.framework */,
				DB8F419FAE4767817A57D813 /* MediaPlayer.framework */,
				8936464DBF7B20B510191810 /* StoreKit.framework */,
				6CBA404BB37E19881719210B /* SystemConfiguration.framework */,
				A05D49E1AEB20A3D3A9BBFA6 /* CFNetwork.framework */,
			);
			name = Frameworks;
			sourceTree = "<group>";
		};
		46880B7519C43A67006E1F66 /* Resources */ = {
			isa = PBXGroup;
			children = (
				847C4737BB87694BD4544EE6 /* res */,
				CC474AC2AF67C8FA2DED2890 /* sdkbox_config.json */,
			);
			name = Resources;
			path = ../Resources;
			sourceTree = "<group>";
		};
		46880B8319C43A87006E1F66 /* Classes */ = {
			isa = PBXGroup;
			children = (
				46880B8419C43A87006E1F66 /* AppDelegate.cpp */,
				46880B8519C43A87006E1F66 /* AppDelegate.h */,
				46880B8619C43A87006E1F66 /* HelloWorldScene.cpp */,
				46880B8719C43A87006E1F66 /* HelloWorldScene.h */,
			);
			name = Classes;
			path = ../Classes;
			sourceTree = "<group>";
		};
		5087E77117EB970100C73F5D /* Icons */ = {
			isa = PBXGroup;
			children = (
				521A8E6219F0C34300D177D7 /* Default-667h@2x.png */,
				521A8E6319F0C34300D177D7 /* Default-736h@3x.png */,
				5087E77217EB970100C73F5D /* Default-568h@2x.png */,
				5087E77317EB970100C73F5D /* Default.png */,
				5087E77417EB970100C73F5D /* Default@2x.png */,
				50EF62A017ECD613001EB2F8 /* Icon-29.png */,
				50EF62A117ECD613001EB2F8 /* Icon-50.png */,
				50EF629217ECD46A001EB2F8 /* Icon-40.png */,
				50EF629317ECD46A001EB2F8 /* Icon-58.png */,
				50EF629417ECD46A001EB2F8 /* Icon-80.png */,
				50EF629517ECD46A001EB2F8 /* Icon-100.png */,
				5087E77517EB970100C73F5D /* Icon-114.png */,
				5087E77617EB970100C73F5D /* Icon-120.png */,
				5087E77717EB970100C73F5D /* Icon-144.png */,
				5087E77817EB970100C73F5D /* Icon-152.png */,
				5087E77917EB970100C73F5D /* Icon-57.png */,
				5087E77A17EB970100C73F5D /* Icon-72.png */,
				5087E77B17EB970100C73F5D /* Icon-76.png */,
				5087E77C17EB970100C73F5D /* Info.plist */,
			);
			name = Icons;
			path = ios;
			sourceTree = SOURCE_ROOT;
		};
		9F1B2AA81DAF658C001F16A5 /* Fyber_AdColony_2.6.2-r1.embeddedframework */ = {
			isa = PBXGroup;
			children = (
				9F1B2AA91DAF658C001F16A5 /* Fyber_AdColony_2.6.2-r1.framework */,
			);
			path = "Fyber_AdColony_2.6.2-r1.embeddedframework";
			sourceTree = "<group>";
		};
		9F1B2AAB1DAF6832001F16A5 /* Fyber_Vungle_4.0.6-r1.embeddedframework */ = {
			isa = PBXGroup;
			children = (
				9F1B2AAC1DAF6832001F16A5 /* Fyber_Vungle_4.0.6-r1.framework */,
				9F1B2AAD1DAF6832001F16A5 /* Resources */,
			);
			path = "Fyber_Vungle_4.0.6-r1.embeddedframework";
			sourceTree = "<group>";
		};
		9F1B2AAD1DAF6832001F16A5 /* Resources */ = {
			isa = PBXGroup;
			children = (
				9F1B2AAE1DAF6832001F16A5 /* __vungle.db */,
				9F1B2AAF1DAF6832001F16A5 /* vg_close.png */,
				9F1B2AB01DAF6832001F16A5 /* vg_cta.png */,
				9F1B2AB11DAF6832001F16A5 /* vg_mute_off.png */,
				9F1B2AB21DAF6832001F16A5 /* vg_mute_on.png */,
				9F1B2AB31DAF6832001F16A5 /* vg_privacy.png */,
			);
			path = Resources;
			sourceTree = "<group>";
		};
		9F1B2ABB1DAF6913001F16A5 /* Fyber_Chartboost_6.5.2-r1.embeddedframework */ = {
			isa = PBXGroup;
			children = (
				9F1B2ABC1DAF6913001F16A5 /* Fyber_Chartboost_6.5.2-r1.framework */,
				9F1B2ABD1DAF6913001F16A5 /* Resources */,
			);
			path = "Fyber_Chartboost_6.5.2-r1.embeddedframework";
			sourceTree = "<group>";
		};
		9F1B2ABD1DAF6913001F16A5 /* Resources */ = {
			isa = PBXGroup;
			children = (
			);
			path = Resources;
			sourceTree = "<group>";
		};
		E80348B69CC7DAF3B1F3310F /* ios-libs */ = {
			isa = PBXGroup;
			children = (
				EC054D038170C9031CB136DE /* libcocos2d iOS.a */,
			);
			name = "ios-libs";
			sourceTree = "<group>";
		};
/* End PBXGroup section */

/* Begin PBXNativeTarget section */
		1D6058900D05DD3D006BFB54 /* fyber_cpp-mobile */ = {
			isa = PBXNativeTarget;
			buildConfigurationList = 1D6058960D05DD3E006BFB54 /* Build configuration list for PBXNativeTarget "fyber_cpp-mobile" */;
			buildPhases = (
				1D60588D0D05DD3D006BFB54 /* Resources */,
				1D60588E0D05DD3D006BFB54 /* Sources */,
				1D60588F0D05DD3D006BFB54 /* Frameworks */,
			);
			buildRules = (
			);
			dependencies = (
			);
			name = "fyber_cpp-mobile";
			productName = iphone;
			productReference = 1D6058910D05DD3D006BFB54 /* fyber_cpp-mobile.app */;
			productType = "com.apple.product-type.application";
		};
/* End PBXNativeTarget section */

/* Begin PBXProject section */
		29B97313FDCFA39411CA2CEA /* Project object */ = {
			isa = PBXProject;
			attributes = {
				LastUpgradeCheck = 0500;
			};
			buildConfigurationList = C01FCF4E08A954540054247B /* Build configuration list for PBXProject "fyber_cpp" */;
			compatibilityVersion = "Xcode 3.2";
			developmentRegion = English;
			hasScannedForEncodings = 1;
			knownRegions = (
				English,
				Japanese,
				French,
				German,
			);
			mainGroup = 29B97314FDCFA39411CA2CEA /* CustomTemplate */;
			projectDirPath = "";
			projectRoot = "";
			targets = (
				1D6058900D05DD3D006BFB54 /* fyber_cpp-mobile */,
			);
		};
/* End PBXProject section */

/* Begin PBXResourcesBuildPhase section */
		1D60588D0D05DD3D006BFB54 /* Resources */ = {
			isa = PBXResourcesBuildPhase;
			buildActionMask = 2147483647;
			files = (
				9F1B2AB71DAF6832001F16A5 /* vg_cta.png in Resources */,
				5087E78117EB970100C73F5D /* Icon-120.png in Resources */,
				9F1B2AB51DAF6832001F16A5 /* __vungle.db in Resources */,
				9F1B2AB81DAF6832001F16A5 /* vg_mute_off.png in Resources */,
				5087E78617EB970100C73F5D /* Icon-76.png in Resources */,
				5087E77F17EB970100C73F5D /* Default@2x.png in Resources */,
				50EF629917ECD46A001EB2F8 /* Icon-100.png in Resources */,
				5087E78317EB970100C73F5D /* Icon-152.png in Resources */,
				5087E77D17EB970100C73F5D /* Default-568h@2x.png in Resources */,
				5087E78517EB970100C73F5D /* Icon-72.png in Resources */,
				521A8E6519F0C34300D177D7 /* Default-736h@3x.png in Resources */,
				50EF62A317ECD613001EB2F8 /* Icon-50.png in Resources */,
				5087E78017EB970100C73F5D /* Icon-114.png in Resources */,
				50EF62A217ECD613001EB2F8 /* Icon-29.png in Resources */,
				50EF629617ECD46A001EB2F8 /* Icon-40.png in Resources */,
				5087E78217EB970100C73F5D /* Icon-144.png in Resources */,
				50EF629817ECD46A001EB2F8 /* Icon-80.png in Resources */,
				5087E78417EB970100C73F5D /* Icon-57.png in Resources */,
				5087E77E17EB970100C73F5D /* Default.png in Resources */,
				9F1B2ABA1DAF6832001F16A5 /* vg_privacy.png in Resources */,
				9F1B2AB61DAF6832001F16A5 /* vg_close.png in Resources */,
				521A8E6419F0C34300D177D7 /* Default-667h@2x.png in Resources */,
				9F1B2AB91DAF6832001F16A5 /* vg_mute_on.png in Resources */,
				50EF629717ECD46A001EB2F8 /* Icon-58.png in Resources */,
				11E94508A2963B2E50541227 /* res in Resources */,
				875D492D8BBFD9E1025FE0D3 /* sdkbox_config.json in Resources */,
			);
			runOnlyForDeploymentPostprocessing = 0;
		};
/* End PBXResourcesBuildPhase section */

/* Begin PBXSourcesBuildPhase section */
		1D60588E0D05DD3D006BFB54 /* Sources */ = {
			isa = PBXSourcesBuildPhase;
			buildActionMask = 2147483647;
			files = (
				46880B8819C43A87006E1F66 /* AppDelegate.cpp in Sources */,
				46880B8A19C43A87006E1F66 /* HelloWorldScene.cpp in Sources */,
				503AE10017EB989F00D1A890 /* AppController.mm in Sources */,
				503AE10217EB989F00D1A890 /* RootViewController.mm in Sources */,
				503AE10117EB989F00D1A890 /* main.m in Sources */,
			);
			runOnlyForDeploymentPostprocessing = 0;
		};
/* End PBXSourcesBuildPhase section */

/* Begin XCBuildConfiguration section */
		1D6058940D05DD3E006BFB54 /* Debug */ = {
			isa = XCBuildConfiguration;
			buildSettings = {
				ALWAYS_SEARCH_USER_PATHS = YES;
				CODE_SIGN_IDENTITY = "iPhone Developer";
				COMPRESS_PNG_FILES = NO;
				ENABLE_BITCODE = NO;
				FRAMEWORK_SEARCH_PATHS = (
					"$(SRCROOT)",
					"$(PROJECT_DIR)/Fyber_AdColony_2.6.0-r2.embeddedframework",
					"$(PROJECT_DIR)/Fyber_Chartboost_5.5.0-r2.embeddedframework",
					"$(PROJECT_DIR)/Fyber_Vungle_3.2.0-r1.embeddedframework",
					"$(PROJECT_DIR)/Fyber_AdColony_2.6.2-r1.embeddedframework",
					"$(PROJECT_DIR)/Fyber_Vungle_4.0.6-r1.embeddedframework",
					"$(PROJECT_DIR)/Fyber_Chartboost_6.5.2-r1.embeddedframework",
				);
				GCC_DYNAMIC_NO_PIC = NO;
				GCC_INLINES_ARE_PRIVATE_EXTERN = NO;
				GCC_PRECOMPILE_PREFIX_HEADER = YES;
				GCC_PREFIX_HEADER = ios/Prefix.pch;
				GCC_PREPROCESSOR_DEFINITIONS = (
					USE_FILE32API,
					CC_TARGET_OS_IPHONE,
					"COCOS2D_DEBUG=1",
					"CC_ENABLE_CHIPMUNK_INTEGRATION=1",
				);
				GCC_SYMBOLS_PRIVATE_EXTERN = NO;
				HEADER_SEARCH_PATHS = (
					"$(inherited)",
					"$(SRCROOT)/../../../sdkbox-cocos2d-x-binary/cocos/platform/ios",
					"$(SRCROOT)/../../../sdkbox-cocos2d-x-binary/cocos/platform/ios/Simulation",
				);
				INFOPLIST_FILE = ios/Info.plist;
				IPHONEOS_DEPLOYMENT_TARGET = 6.0;
				LIBRARY_SEARCH_PATHS = (
					"$(SRCROOT)/../../../sdkbox-cocos2d-x-binary/prebuilt/ios",
					"\"sdkbox.framework\"",
					"\"PluginFyber.framework\"",
				);
				OTHER_CFLAGS = "-DSDKBOX_ENABLED";
				OTHER_LDFLAGS = (
					"$(_COCOS_LIB_IOS_BEGIN)",
					"$(_COCOS_LIB_IOS_END)",
					"-ObjC",
				);
				PRODUCT_BUNDLE_IDENTIFIER = com.sdkbox.sample.fyber.cpp;
				SDKROOT = iphoneos;
				TARGETED_DEVICE_FAMILY = "1,2";
				USER_HEADER_SEARCH_PATHS = "$(_COCOS_HEADER_IOS_BEGIN) $(_COCOS_HEADER_IOS_END)";
				VALID_ARCHS = "arm64 armv7";
			};
			name = Debug;
		};
		1D6058950D05DD3E006BFB54 /* Release */ = {
			isa = XCBuildConfiguration;
			buildSettings = {
				ALWAYS_SEARCH_USER_PATHS = YES;
				CODE_SIGN_IDENTITY = "iPhone Developer";
				COMPRESS_PNG_FILES = NO;
				ENABLE_BITCODE = NO;
				FRAMEWORK_SEARCH_PATHS = (
					"$(SRCROOT)",
					"$(PROJECT_DIR)/Fyber_AdColony_2.6.0-r2.embeddedframework",
					"$(PROJECT_DIR)/Fyber_Chartboost_5.5.0-r2.embeddedframework",
					"$(PROJECT_DIR)/Fyber_Vungle_3.2.0-r1.embeddedframework",
					"$(PROJECT_DIR)/Fyber_AdColony_2.6.2-r1.embeddedframework",
					"$(PROJECT_DIR)/Fyber_Vungle_4.0.6-r1.embeddedframework",
					"$(PROJECT_DIR)/Fyber_Chartboost_6.5.2-r1.embeddedframework",
				);
				GCC_INLINES_ARE_PRIVATE_EXTERN = NO;
				GCC_PRECOMPILE_PREFIX_HEADER = YES;
				GCC_PREFIX_HEADER = ios/Prefix.pch;
				GCC_PREPROCESSOR_DEFINITIONS = (
					USE_FILE32API,
					CC_TARGET_OS_IPHONE,
					"CC_ENABLE_CHIPMUNK_INTEGRATION=1",
				);
				GCC_SYMBOLS_PRIVATE_EXTERN = NO;
				HEADER_SEARCH_PATHS = (
					"$(inherited)",
					"$(SRCROOT)/../../../sdkbox-cocos2d-x-binary/cocos/platform/ios",
					"$(SRCROOT)/../../../sdkbox-cocos2d-x-binary/cocos/platform/ios/Simulation",
				);
				INFOPLIST_FILE = ios/Info.plist;
				IPHONEOS_DEPLOYMENT_TARGET = 6.0;
				LIBRARY_SEARCH_PATHS = (
					"$(SRCROOT)/../../../sdkbox-cocos2d-x-binary/prebuilt/ios",
					"\"sdkbox.framework\"",
					"\"PluginFyber.framework\"",
				);
				OTHER_CFLAGS = "-DSDKBOX_ENABLED";
				OTHER_LDFLAGS = (
					"$(_COCOS_LIB_IOS_BEGIN)",
					"$(_COCOS_LIB_IOS_END)",
					"-ObjC",
				);
				PRODUCT_BUNDLE_IDENTIFIER = com.sdkbox.sample.fyber.cpp;
				SDKROOT = iphoneos;
				TARGETED_DEVICE_FAMILY = "1,2";
				USER_HEADER_SEARCH_PATHS = "$(_COCOS_HEADER_IOS_BEGIN) $(_COCOS_HEADER_IOS_END)";
				VALID_ARCHS = "arm64 armv7";
			};
			name = Release;
		};
		C01FCF4F08A954540054247B /* Debug */ = {
			isa = XCBuildConfiguration;
			buildSettings = {
				ARCHS = "$(ARCHS_STANDARD_32_BIT)";
				CLANG_CXX_LANGUAGE_STANDARD = "c++0x";
				CLANG_CXX_LIBRARY = "libc++";
				COPY_PHASE_STRIP = NO;
				GCC_OPTIMIZATION_LEVEL = 0;
				GCC_WARN_ABOUT_RETURN_TYPE = YES;
				GCC_WARN_UNUSED_VARIABLE = YES;
				HEADER_SEARCH_PATHS = (
					"$(SRCROOT)/../../../sdkbox-cocos2d-x-binary",
					"$(SRCROOT)/../../../sdkbox-cocos2d-x-binary/cocos",
					"$(SRCROOT)/../../../sdkbox-cocos2d-x-binary/cocos/base",
					"$(SRCROOT)/../../../sdkbox-cocos2d-x-binary/cocos/physics",
					"$(SRCROOT)/../../../sdkbox-cocos2d-x-binary/cocos/math",
					"$(SRCROOT)/../../../sdkbox-cocos2d-x-binary/cocos/2d",
					"$(SRCROOT)/../../../sdkbox-cocos2d-x-binary/cocos/ui",
					"$(SRCROOT)/../../../sdkbox-cocos2d-x-binary/cocos/network",
					"$(SRCROOT)/../../../sdkbox-cocos2d-x-binary/cocos/audio/include",
					"$(SRCROOT)/../../../sdkbox-cocos2d-x-binary/cocos/editor-support",
					"$(SRCROOT)/../../../sdkbox-cocos2d-x-binary/extensions",
					"$(SRCROOT)/../../../sdkbox-cocos2d-x-binary/external",
					"$(SRCROOT)/../../../sdkbox-cocos2d-x-binary/external/chipmunk/include/chipmunk",
				);
				IPHONEOS_DEPLOYMENT_TARGET = 6.0;
				MACOSX_DEPLOYMENT_TARGET = 10.7;
				ONLY_ACTIVE_ARCH = YES;
				PRODUCT_NAME = "$(TARGET_NAME)";
				SDKROOT = macosx;
			};
			name = Debug;
		};
		C01FCF5008A954540054247B /* Release */ = {
			isa = XCBuildConfiguration;
			buildSettings = {
				ARCHS = "$(ARCHS_STANDARD_32_BIT)";
				CLANG_CXX_LANGUAGE_STANDARD = "c++0x";
				CLANG_CXX_LIBRARY = "libc++";
				GCC_WARN_ABOUT_RETURN_TYPE = YES;
				GCC_WARN_UNUSED_VARIABLE = YES;
				HEADER_SEARCH_PATHS = (
					"$(SRCROOT)/../../../sdkbox-cocos2d-x-binary",
					"$(SRCROOT)/../../../sdkbox-cocos2d-x-binary/cocos",
					"$(SRCROOT)/../../../sdkbox-cocos2d-x-binary/cocos/base",
					"$(SRCROOT)/../../../sdkbox-cocos2d-x-binary/cocos/physics",
					"$(SRCROOT)/../../../sdkbox-cocos2d-x-binary/cocos/math",
					"$(SRCROOT)/../../../sdkbox-cocos2d-x-binary/cocos/2d",
					"$(SRCROOT)/../../../sdkbox-cocos2d-x-binary/cocos/ui",
					"$(SRCROOT)/../../../sdkbox-cocos2d-x-binary/cocos/network",
					"$(SRCROOT)/../../../sdkbox-cocos2d-x-binary/cocos/audio/include",
					"$(SRCROOT)/../../../sdkbox-cocos2d-x-binary/cocos/editor-support",
					"$(SRCROOT)/../../../sdkbox-cocos2d-x-binary/extensions",
					"$(SRCROOT)/../../../sdkbox-cocos2d-x-binary/external",
					"$(SRCROOT)/../../../sdkbox-cocos2d-x-binary/external/chipmunk/include/chipmunk",
				);
				IPHONEOS_DEPLOYMENT_TARGET = 6.0;
				MACOSX_DEPLOYMENT_TARGET = 10.7;
				OTHER_CFLAGS = "-DNS_BLOCK_ASSERTIONS=1";
				PRODUCT_NAME = "$(TARGET_NAME)";
				SDKROOT = macosx;
				VALIDATE_PRODUCT = YES;
			};
			name = Release;
		};
/* End XCBuildConfiguration section */

/* Begin XCConfigurationList section */
		1D6058960D05DD3E006BFB54 /* Build configuration list for PBXNativeTarget "fyber_cpp-mobile" */ = {
			isa = XCConfigurationList;
			buildConfigurations = (
				1D6058940D05DD3E006BFB54 /* Debug */,
				1D6058950D05DD3E006BFB54 /* Release */,
			);
			defaultConfigurationIsVisible = 0;
			defaultConfigurationName = Debug;
		};
		C01FCF4E08A954540054247B /* Build configuration list for PBXProject "fyber_cpp" */ = {
			isa = XCConfigurationList;
			buildConfigurations = (
				C01FCF4F08A954540054247B /* Debug */,
				C01FCF5008A954540054247B /* Release */,
			);
			defaultConfigurationIsVisible = 0;
			defaultConfigurationName = Debug;
		};
/* End XCConfigurationList section */
	};
	rootObject = 29B97313FDCFA39411CA2CEA /* Project object */;
}
